
Microsoft Visual Studio Solution File, Format Version 12.00
# Visual Studio Version 17
VisualStudioVersion = 17.0.31912.275
MinimumVisualStudioVersion = 10.0.40219.1
Project("{FAE04EC0-301F-11D3-BF4B-00C04F79EFBC}") = "HomeWork5", "HomeWork5.csproj", "{7613157C-A562-4B74-BBD6-A3FBAC8999A6}"
EndProject
Global
	GlobalSection(SolutionConfigurationPlatforms) = preSolution
		Debug|Any CPU = Debug|Any CPU
		Release|Any CPU = Release|Any CPU
	EndGlobalSection
	GlobalSection(ProjectConfigurationPlatforms) = postSolution
		{7613157C-A562-4B74-BBD6-A3FBAC8999A6}.Debug|Any CPU.ActiveCfg = Debug|Any CPU
		{7613157C-A562-4B74-BBD6-A3FBAC8999A6}.Debug|Any CPU.Build.0 = Debug|Any CPU
		{7613157C-A562-4B74-BBD6-A3FBAC8999A6}.Release|Any CPU.ActiveCfg = Release|Any CPU
		{7613157C-A562-4B74-BBD6-A3FBAC8999A6}.Release|Any CPU.Build.0 = Release|Any CPU
	EndGlobalSection
	GlobalSection(SolutionProperties) = preSolution
		HideSolutionNode = FALSE
	EndGlobalSection
	GlobalSection(ExtensibilityGlobals) = postSolution
		SolutionGuid = {A13EB46F-0345-4EF6-A00E-F9A31D3550B1}
	EndGlobalSection
EndGlobal
